{
  "lockfileVersion": 1,
  "configVersion": 0,
  "workspaces": {
    "": {
      "name": "Sage.Education",
      "dependencies": {
        "js-yaml": "^4.1.0",
        "jsdom": "^25.0.1",
        "markdown-it-attrs": "^4.1.6",
      },
      "devDependencies": {
        "@11ty/eleventy": "^3.0.0",
        "@11ty/eleventy-img": "^3.1.1",
        "@11ty/eleventy-navigation": "^0.3.5",
        "@11ty/eleventy-plugin-bundle": "^1.0.4",
        "@11ty/eleventy-plugin-rss": "^1.2.0",
        "@11ty/eleventy-plugin-syntaxhighlight": "^5.0.0",
        "luxon": "^3.3.0",
        "markdown-it-anchor": "^8.6.7",
      },
    },
  },
  "packages": {
    "@11ty/dependency-tree": ["@11ty/dependency-tree@4.0.2", "", { "dependencies": { "@11ty/eleventy-utils": "^2.0.1" } }, "sha512-RTF6VTZHatYf7fSZBUN3RKwiUeJh5dhWV61gDPrHhQF2/gzruAkYz8yXuvGLx3w3ZBKreGrR+MfYpSVkdbdbLA=="],

    "@11ty/dependency-tree-esm": ["@11ty/dependency-tree-esm@2.0.4", "", { "dependencies": { "@11ty/eleventy-utils": "^2.0.7", "acorn": "^8.15.0", "dependency-graph": "^1.0.0", "normalize-path": "^3.0.0" } }, "sha512-MYKC0Ac77ILr1HnRJalzKDlb9Z8To3kXQCltx299pUXXUFtJ1RIONtULlknknqW8cLe19DLVgmxVCtjEFm7h0A=="],

    "@11ty/eleventy": ["@11ty/eleventy@3.1.5", "", { "dependencies": { "@11ty/dependency-tree": "^4.0.2", "@11ty/dependency-tree-esm": "^2.0.4", "@11ty/eleventy-dev-server": "^2.0.8", "@11ty/eleventy-plugin-bundle": "^3.0.7", "@11ty/eleventy-utils": "^2.0.7", "@11ty/lodash-custom": "^4.17.21", "@11ty/posthtml-urls": "^1.0.2", "@11ty/recursive-copy": "^4.0.4", "@sindresorhus/slugify": "^2.2.1", "bcp-47-normalize": "^2.3.0", "chokidar": "^3.6.0", "debug": "^4.4.3", "dependency-graph": "^1.0.0", "entities": "^6.0.1", "filesize": "^10.1.6", "gray-matter": "^4.0.3", "iso-639-1": "^3.1.5", "js-yaml": "^4.1.1", "kleur": "^4.1.5", "liquidjs": "^10.25.0", "luxon": "^3.7.2", "markdown-it": "^14.1.1", "minimist": "^1.2.8", "moo": "0.5.2", "node-retrieve-globals": "^6.0.1", "nunjucks": "^3.2.4", "picomatch": "^4.0.3", "please-upgrade-node": "^3.2.0", "posthtml": "^0.16.7", "posthtml-match-helper": "^2.0.3", "semver": "^7.7.4", "slugify": "^1.6.8", "tinyglobby": "^0.2.15" }, "bin": { "eleventy": "cmd.cjs" } }, "sha512-hZ0g6MwZyRxCqXsPm82gIM304LraKbUz3ZmezOSjsqxttZG6cHTib3Qq8QkESJoKwnr+yX1eyfOkPC5/mEgZnQ=="],

    "@11ty/eleventy-dev-server": ["@11ty/eleventy-dev-server@2.0.8", "", { "dependencies": { "@11ty/eleventy-utils": "^2.0.1", "chokidar": "^3.6.0", "debug": "^4.4.0", "finalhandler": "^1.3.1", "mime": "^3.0.0", "minimist": "^1.2.8", "morphdom": "^2.7.4", "please-upgrade-node": "^3.2.0", "send": "^1.1.0", "ssri": "^11.0.0", "urlpattern-polyfill": "^10.0.0", "ws": "^8.18.1" }, "bin": { "eleventy-dev-server": "cmd.js" } }, "sha512-15oC5M1DQlCaOMUq4limKRYmWiGecDaGwryr7fTE/oM9Ix8siqMvWi+I8VjsfrGr+iViDvWcH/TVI6D12d93mA=="],

    "@11ty/eleventy-fetch": ["@11ty/eleventy-fetch@4.0.1", "", { "dependencies": { "debug": "^4.3.4", "flat-cache": "^3.0.4", "node-fetch": "^2.6.7", "p-queue": "^6.6.2" } }, ""],

    "@11ty/eleventy-img": ["@11ty/eleventy-img@3.1.8", "", { "dependencies": { "@11ty/eleventy-fetch": "^4.0.0", "brotli-size": "^4.0.0", "debug": "^4.3.4", "entities": "^4.5.0", "image-size": "^1.0.2", "p-queue": "^6.6.2", "sharp": "^0.32.6" } }, ""],

    "@11ty/eleventy-navigation": ["@11ty/eleventy-navigation@0.3.5", "", { "dependencies": { "dependency-graph": "^0.11.0" } }, ""],

    "@11ty/eleventy-plugin-bundle": ["@11ty/eleventy-plugin-bundle@1.0.5", "", { "dependencies": { "debug": "^4.3.4" } }, ""],

    "@11ty/eleventy-plugin-rss": ["@11ty/eleventy-plugin-rss@1.2.0", "", { "dependencies": { "debug": "^4.3.4", "posthtml": "^0.16.6", "posthtml-urls": "1.0.0" } }, ""],

    "@11ty/eleventy-plugin-syntaxhighlight": ["@11ty/eleventy-plugin-syntaxhighlight@5.0.0", "", { "dependencies": { "prismjs": "^1.29.0" } }, ""],

    "@11ty/eleventy-utils": ["@11ty/eleventy-utils@2.0.7", "", {}, "sha512-6QE+duqSQ0GY9rENXYb4iPR4AYGdrFpqnmi59tFp9VrleOl0QSh8VlBr2yd6dlhkdtj7904poZW5PvGr9cMiJQ=="],

    "@11ty/lodash-custom": ["@11ty/lodash-custom@4.17.21", "", {}, ""],

    "@11ty/posthtml-urls": ["@11ty/posthtml-urls@1.0.3", "", { "dependencies": { "evaluate-value": "^2.0.0", "http-equiv-refresh": "^2.0.1", "list-to-array": "^1.1.0", "parse-srcset": "^1.0.2" } }, "sha512-1YvhnkaNlFnnJic1rBMWmTC2adbuy+JQiBfl1Hecr1Wjjik1pQZmGyk/eC9zKX/FQv52s2Nht1Gi/UwhYqrBeg=="],

    "@11ty/recursive-copy": ["@11ty/recursive-copy@4.0.4", "", { "dependencies": { "errno": "^1.0.0", "junk": "^3.1.0", "minimatch": "^3.1.5", "slash": "^3.0.0" } }, "sha512-oI7m8pa7/IAU/3lqRU9vjBbs20iKFo7x+1K9kT3aVira6scc1X9MjBdgLCHzLJeJ7iB6wydioA+kr9/qPnvmlQ=="],

    "@asamuzakjp/css-color": ["@asamuzakjp/css-color@3.1.4", "", { "dependencies": { "@csstools/css-calc": "^2.1.3", "@csstools/css-color-parser": "^3.0.9", "@csstools/css-parser-algorithms": "^3.0.4", "@csstools/css-tokenizer": "^3.0.3", "lru-cache": "^10.4.3" } }, ""],

    "@csstools/color-helpers": ["@csstools/color-helpers@5.0.2", "", {}, ""],

    "@csstools/css-calc": ["@csstools/css-calc@2.1.3", "", { "peerDependencies": { "@csstools/css-parser-algorithms": "^3.0.4", "@csstools/css-tokenizer": "^3.0.3" } }, ""],

    "@csstools/css-color-parser": ["@csstools/css-color-parser@3.0.9", "", { "dependencies": { "@csstools/color-helpers": "^5.0.2", "@csstools/css-calc": "^2.1.3" }, "peerDependencies": { "@csstools/css-parser-algorithms": "^3.0.4", "@csstools/css-tokenizer": "^3.0.3" } }, ""],

    "@csstools/css-parser-algorithms": ["@csstools/css-parser-algorithms@3.0.4", "", { "peerDependencies": { "@csstools/css-tokenizer": "^3.0.3" } }, ""],

    "@csstools/css-tokenizer": ["@csstools/css-tokenizer@3.0.3", "", {}, ""],

    "@sindresorhus/slugify": ["@sindresorhus/slugify@2.2.1", "", { "dependencies": { "@sindresorhus/transliterate": "^1.0.0", "escape-string-regexp": "^5.0.0" } }, "sha512-MkngSCRZ8JdSOCHRaYd+D01XhvU3Hjy6MGl06zhOk614hp9EOAp5gIkBeQg7wtmxpitU6eAL4kdiRMcJa2dlrw=="],

    "@sindresorhus/transliterate": ["@sindresorhus/transliterate@1.6.0", "", { "dependencies": { "escape-string-regexp": "^5.0.0" } }, "sha512-doH1gimEu3A46VX6aVxpHTeHrytJAG6HgdxntYnCFiIFHEM/ZGpG8KiZGBChchjQmG0XFIBL552kBTjVcMZXwQ=="],

    "@types/linkify-it": ["@types/linkify-it@5.0.0", "", {}, ""],

    "@types/markdown-it": ["@types/markdown-it@14.1.2", "", { "dependencies": { "@types/linkify-it": "^5", "@types/mdurl": "^2" } }, ""],

    "@types/mdurl": ["@types/mdurl@2.0.0", "", {}, ""],

    "a-sync-waterfall": ["a-sync-waterfall@1.0.1", "", {}, ""],

    "acorn": ["acorn@8.16.0", "", { "bin": { "acorn": "bin/acorn" } }, "sha512-UVJyE9MttOsBQIDKw1skb9nAwQuR5wuGD3+82K6JgJlm/Y+KI92oNsMNGZCYdDsVtRHSak0pcV5Dno5+4jh9sw=="],

    "acorn-walk": ["acorn-walk@8.3.5", "", { "dependencies": { "acorn": "^8.11.0" } }, "sha512-HEHNfbars9v4pgpW6SO1KSPkfoS0xVOM/9UzkJltjlsHZmJasxg8aXkuZa7SMf8vKGIBhpUsPluQSqhJFCqebw=="],

    "agent-base": ["agent-base@7.1.3", "", {}, ""],

    "any-promise": ["any-promise@0.1.0", "", {}, ""],

    "anymatch": ["anymatch@3.1.3", "", { "dependencies": { "normalize-path": "^3.0.0", "picomatch": "^2.0.4" } }, ""],

    "argparse": ["argparse@2.0.1", "", {}, ""],

    "asap": ["asap@2.0.6", "", {}, ""],

    "asynckit": ["asynckit@0.4.0", "", {}, ""],

    "b4a": ["b4a@1.6.7", "", {}, ""],

    "balanced-match": ["balanced-match@1.0.2", "", {}, ""],

    "bare-events": ["bare-events@2.5.4", "", {}, ""],

    "bare-fs": ["bare-fs@4.1.3", "", { "dependencies": { "bare-events": "^2.5.4", "bare-path": "^3.0.0", "bare-stream": "^2.6.4" }, "peerDependencies": { "bare-buffer": "*" }, "optionalPeers": ["bare-buffer"] }, ""],

    "bare-os": ["bare-os@3.6.1", "", {}, ""],

    "bare-path": ["bare-path@3.0.0", "", { "dependencies": { "bare-os": "^3.0.1" } }, ""],

    "bare-stream": ["bare-stream@2.6.5", "", { "dependencies": { "streamx": "^2.21.0" }, "peerDependencies": { "bare-buffer": "*", "bare-events": "*" }, "optionalPeers": ["bare-buffer"] }, ""],

    "base64-js": ["base64-js@1.5.1", "", {}, ""],

    "bcp-47": ["bcp-47@2.1.0", "", { "dependencies": { "is-alphabetical": "^2.0.0", "is-alphanumerical": "^2.0.0", "is-decimal": "^2.0.0" } }, "sha512-9IIS3UPrvIa1Ej+lVDdDwO7zLehjqsaByECw0bu2RRGP73jALm6FYbzI5gWbgHLvNdkvfXB5YrSbocZdOS0c0w=="],

    "bcp-47-match": ["bcp-47-match@2.0.3", "", {}, "sha512-JtTezzbAibu8G0R9op9zb3vcWZd9JF6M0xOYGPn0fNCd7wOpRB1mU2mH9T8gaBGbAAyIIVgB2G7xG0GP98zMAQ=="],

    "bcp-47-normalize": ["bcp-47-normalize@2.3.0", "", { "dependencies": { "bcp-47": "^2.0.0", "bcp-47-match": "^2.0.0" } }, "sha512-8I/wfzqQvttUFz7HVJgIZ7+dj3vUaIyIxYXaTRP1YWoSDfzt6TUmxaKZeuXR62qBmYr+nvuWINFRl6pZ5DlN4Q=="],

    "binary-extensions": ["binary-extensions@2.3.0", "", {}, ""],

    "bl": ["bl@4.1.0", "", { "dependencies": { "buffer": "^5.5.0", "inherits": "^2.0.4", "readable-stream": "^3.4.0" } }, ""],

    "brace-expansion": ["brace-expansion@1.1.11", "", { "dependencies": { "balanced-match": "^1.0.0", "concat-map": "0.0.1" } }, ""],

    "braces": ["braces@3.0.3", "", { "dependencies": { "fill-range": "^7.1.1" } }, ""],

    "brotli-size": ["brotli-size@4.0.0", "", { "dependencies": { "duplexer": "0.1.1" } }, ""],

    "buffer": ["buffer@5.7.1", "", { "dependencies": { "base64-js": "^1.3.1", "ieee754": "^1.1.13" } }, ""],

    "call-bind-apply-helpers": ["call-bind-apply-helpers@1.0.2", "", { "dependencies": { "es-errors": "^1.3.0", "function-bind": "^1.1.2" } }, ""],

    "chokidar": ["chokidar@3.6.0", "", { "dependencies": { "anymatch": "~3.1.2", "braces": "~3.0.2", "glob-parent": "~5.1.2", "is-binary-path": "~2.1.0", "is-glob": "~4.0.1", "normalize-path": "~3.0.0", "readdirp": "~3.6.0" }, "optionalDependencies": { "fsevents": "~2.3.2" } }, ""],

    "chownr": ["chownr@1.1.4", "", {}, ""],

    "color": ["color@4.2.3", "", { "dependencies": { "color-convert": "^2.0.1", "color-string": "^1.9.0" } }, ""],

    "color-convert": ["color-convert@2.0.1", "", { "dependencies": { "color-name": "~1.1.4" } }, ""],

    "color-name": ["color-name@1.1.4", "", {}, ""],

    "color-string": ["color-string@1.9.1", "", { "dependencies": { "color-name": "^1.0.0", "simple-swizzle": "^0.2.2" } }, ""],

    "combined-stream": ["combined-stream@1.0.8", "", { "dependencies": { "delayed-stream": "~1.0.0" } }, ""],

    "commander": ["commander@10.0.1", "", {}, ""],

    "concat-map": ["concat-map@0.0.1", "", {}, ""],

    "cssstyle": ["cssstyle@4.3.1", "", { "dependencies": { "@asamuzakjp/css-color": "^3.1.2", "rrweb-cssom": "^0.8.0" } }, ""],

    "data-urls": ["data-urls@5.0.0", "", { "dependencies": { "whatwg-mimetype": "^4.0.0", "whatwg-url": "^14.0.0" } }, ""],

    "debug": ["debug@4.4.3", "", { "dependencies": { "ms": "^2.1.3" } }, "sha512-RGwwWnwQvkVfavKVt22FGLw+xYSdzARwm0ru6DhTVA3umU5hZc28V3kO4stgYryrTlLpuvgI9GiijltAjNbcqA=="],

    "decimal.js": ["decimal.js@10.5.0", "", {}, ""],

    "decompress-response": ["decompress-response@6.0.0", "", { "dependencies": { "mimic-response": "^3.1.0" } }, ""],

    "deep-extend": ["deep-extend@0.6.0", "", {}, ""],

    "delayed-stream": ["delayed-stream@1.0.0", "", {}, ""],

    "depd": ["depd@2.0.0", "", {}, "sha512-g7nH6P6dyDioJogAAGprGpCtVImJhpPk/roCzdb3fIh61/s/nPsfR6onyMwkCAR/OlC3yBC0lESvUoQEAssIrw=="],

    "dependency-graph": ["dependency-graph@1.0.0", "", {}, "sha512-cW3gggJ28HZ/LExwxP2B++aiKxhJXMSIt9K48FOXQkm+vuG5gyatXnLsONRJdzO/7VfjDIiaOOa/bs4l464Lwg=="],

    "detect-libc": ["detect-libc@2.0.4", "", {}, ""],

    "dom-serializer": ["dom-serializer@1.4.1", "", { "dependencies": { "domelementtype": "^2.0.1", "domhandler": "^4.2.0", "entities": "^2.0.0" } }, ""],

    "domelementtype": ["domelementtype@2.3.0", "", {}, ""],

    "domhandler": ["domhandler@4.3.1", "", { "dependencies": { "domelementtype": "^2.2.0" } }, ""],

    "domutils": ["domutils@2.8.0", "", { "dependencies": { "dom-serializer": "^1.0.1", "domelementtype": "^2.2.0", "domhandler": "^4.2.0" } }, ""],

    "dunder-proto": ["dunder-proto@1.0.1", "", { "dependencies": { "call-bind-apply-helpers": "^1.0.1", "es-errors": "^1.3.0", "gopd": "^1.2.0" } }, ""],

    "duplexer": ["duplexer@0.1.1", "", {}, ""],

    "ee-first": ["ee-first@1.1.1", "", {}, ""],

    "encodeurl": ["encodeurl@2.0.0", "", {}, ""],

    "end-of-stream": ["end-of-stream@1.4.4", "", { "dependencies": { "once": "^1.4.0" } }, ""],

    "entities": ["entities@6.0.1", "", {}, "sha512-aN97NXWF6AWBTahfVOIrB/NShkzi5H7F9r1s9mD3cDj4Ko5f2qhhVoYMibXF7GlLveb/D2ioWay8lxI97Ven3g=="],

    "errno": ["errno@1.0.0", "", { "dependencies": { "prr": "~1.0.1" }, "bin": { "errno": "cli.js" } }, "sha512-3zV5mFS1E8/1bPxt/B0xxzI1snsg3uSCIh6Zo1qKg6iMw93hzPANk9oBFzSFBFrwuVoQuE3rLoouAUfwOAj1wQ=="],

    "es-define-property": ["es-define-property@1.0.1", "", {}, ""],

    "es-errors": ["es-errors@1.3.0", "", {}, ""],

    "es-object-atoms": ["es-object-atoms@1.1.1", "", { "dependencies": { "es-errors": "^1.3.0" } }, ""],

    "es-set-tostringtag": ["es-set-tostringtag@2.1.0", "", { "dependencies": { "es-errors": "^1.3.0", "get-intrinsic": "^1.2.6", "has-tostringtag": "^1.0.2", "hasown": "^2.0.2" } }, ""],

    "escape-html": ["escape-html@1.0.3", "", {}, ""],

    "escape-string-regexp": ["escape-string-regexp@5.0.0", "", {}, "sha512-/veY75JbMK4j1yjvuUxuVsiS/hr/4iHs9FTT6cgTexxdE0Ly/glccBAkloH/DofkjRbZU3bnoj38mOmhkZ0lHw=="],

    "esm-import-transformer": ["esm-import-transformer@3.0.5", "", { "dependencies": { "acorn": "^8.15.0" } }, "sha512-1GKLvfuMnnpI75l8c6sHoz0L3Z872xL5akGuBudgqTDPv4Vy6f2Ec7jEMKTxlqWl/3kSvNbHELeimJtnqgYniw=="],

    "esprima": ["esprima@4.0.1", "", { "bin": { "esparse": "bin/esparse.js", "esvalidate": "bin/esvalidate.js" } }, ""],

    "etag": ["etag@1.8.1", "", {}, "sha512-aIL5Fx7mawVa300al2BnEE4iNvo1qETxLrPI/o05L7z6go7fCw1J6EQmbK4FmJ2AS7kgVF/KEZWufBfdClMcPg=="],

    "evaluate-value": ["evaluate-value@2.0.0", "", {}, "sha512-VonfiuDJc0z4sOO7W0Pd130VLsXN6vmBWZlrog1mCb/o7o/Nl5Lr25+Kj/nkCCAhG+zqeeGjxhkK9oHpkgTHhQ=="],

    "eventemitter3": ["eventemitter3@4.0.7", "", {}, ""],

    "expand-template": ["expand-template@2.0.3", "", {}, ""],

    "extend-shallow": ["extend-shallow@2.0.1", "", { "dependencies": { "is-extendable": "^0.1.0" } }, ""],

    "fast-fifo": ["fast-fifo@1.3.2", "", {}, ""],

    "fdir": ["fdir@6.5.0", "", { "peerDependencies": { "picomatch": "^3 || ^4" }, "optionalPeers": ["picomatch"] }, "sha512-tIbYtZbucOs0BRGqPJkshJUYdL+SDH7dVM8gjy+ERp3WAUjLEFJE+02kanyHtwjWOnwrKYBiwAmM0p4kLJAnXg=="],

    "filesize": ["filesize@10.1.6", "", {}, "sha512-sJslQKU2uM33qH5nqewAwVB2QgR6w1aMNsYUp3aN5rMRyXEwJGmZvaWzeJFNTOXWlHQyBFCWrdj3fV/fsTOX8w=="],

    "fill-range": ["fill-range@7.1.1", "", { "dependencies": { "to-regex-range": "^5.0.1" } }, ""],

    "finalhandler": ["finalhandler@1.3.1", "", { "dependencies": { "debug": "2.6.9", "encodeurl": "~2.0.0", "escape-html": "~1.0.3", "on-finished": "2.4.1", "parseurl": "~1.3.3", "statuses": "2.0.1", "unpipe": "~1.0.0" } }, ""],

    "flat-cache": ["flat-cache@3.2.0", "", { "dependencies": { "flatted": "^3.2.9", "keyv": "^4.5.3", "rimraf": "^3.0.2" } }, ""],

    "flatted": ["flatted@3.3.3", "", {}, ""],

    "form-data": ["form-data@4.0.2", "", { "dependencies": { "asynckit": "^0.4.0", "combined-stream": "^1.0.8", "es-set-tostringtag": "^2.1.0", "mime-types": "^2.1.12" } }, ""],

    "fresh": ["fresh@2.0.0", "", {}, "sha512-Rx/WycZ60HOaqLKAi6cHRKKI7zxWbJ31MhntmtwMoaTeF7XFH9hhBp8vITaMidfljRQ6eYWCKkaTK+ykVJHP2A=="],

    "fs-constants": ["fs-constants@1.0.0", "", {}, ""],

    "fs.realpath": ["fs.realpath@1.0.0", "", {}, ""],

    "fsevents": ["fsevents@2.3.3", "", { "os": "darwin" }, ""],

    "function-bind": ["function-bind@1.1.2", "", {}, ""],

    "get-intrinsic": ["get-intrinsic@1.3.0", "", { "dependencies": { "call-bind-apply-helpers": "^1.0.2", "es-define-property": "^1.0.1", "es-errors": "^1.3.0", "es-object-atoms": "^1.1.1", "function-bind": "^1.1.2", "get-proto": "^1.0.1", "gopd": "^1.2.0", "has-symbols": "^1.1.0", "hasown": "^2.0.2", "math-intrinsics": "^1.1.0" } }, ""],

    "get-proto": ["get-proto@1.0.1", "", { "dependencies": { "dunder-proto": "^1.0.1", "es-object-atoms": "^1.0.0" } }, ""],

    "github-from-package": ["github-from-package@0.0.0", "", {}, ""],

    "glob": ["glob@7.2.3", "", { "dependencies": { "fs.realpath": "^1.0.0", "inflight": "^1.0.4", "inherits": "2", "minimatch": "^3.1.1", "once": "^1.3.0", "path-is-absolute": "^1.0.0" } }, ""],

    "glob-parent": ["glob-parent@5.1.2", "", { "dependencies": { "is-glob": "^4.0.1" } }, ""],

    "gopd": ["gopd@1.2.0", "", {}, ""],

    "gray-matter": ["gray-matter@4.0.3", "", { "dependencies": { "js-yaml": "^3.13.1", "kind-of": "^6.0.2", "section-matter": "^1.0.0", "strip-bom-string": "^1.0.0" } }, ""],

    "has-symbols": ["has-symbols@1.1.0", "", {}, ""],

    "has-tostringtag": ["has-tostringtag@1.0.2", "", { "dependencies": { "has-symbols": "^1.0.3" } }, ""],

    "hasown": ["hasown@2.0.2", "", { "dependencies": { "function-bind": "^1.1.2" } }, ""],

    "html-encoding-sniffer": ["html-encoding-sniffer@4.0.0", "", { "dependencies": { "whatwg-encoding": "^3.1.1" } }, ""],

    "htmlparser2": ["htmlparser2@7.2.0", "", { "dependencies": { "domelementtype": "^2.0.1", "domhandler": "^4.2.2", "domutils": "^2.8.0", "entities": "^3.0.1" } }, ""],

    "http-equiv-refresh": ["http-equiv-refresh@2.0.1", "", {}, "sha512-XJpDL/MLkV3dKwLzHwr2dY05dYNfBNlyPu4STQ8WvKCFdc6vC5tPXuq28of663+gHVg03C+16pHHs/+FmmDjcw=="],

    "http-errors": ["http-errors@2.0.1", "", { "dependencies": { "depd": "~2.0.0", "inherits": "~2.0.4", "setprototypeof": "~1.2.0", "statuses": "~2.0.2", "toidentifier": "~1.0.1" } }, "sha512-4FbRdAX+bSdmo4AUFuS0WNiPz8NgFt+r8ThgNWmlrjQjt1Q7ZR9+zTlce2859x4KSXrwIsaeTqDoKQmtP8pLmQ=="],

    "http-proxy-agent": ["http-proxy-agent@7.0.2", "", { "dependencies": { "agent-base": "^7.1.0", "debug": "^4.3.4" } }, ""],

    "https-proxy-agent": ["https-proxy-agent@7.0.6", "", { "dependencies": { "agent-base": "^7.1.2", "debug": "4" } }, ""],

    "iconv-lite": ["iconv-lite@0.6.3", "", { "dependencies": { "safer-buffer": ">= 2.1.2 < 3.0.0" } }, ""],

    "ieee754": ["ieee754@1.2.1", "", {}, ""],

    "image-size": ["image-size@1.2.1", "", { "dependencies": { "queue": "6.0.2" }, "bin": "bin/image-size.js" }, ""],

    "inflight": ["inflight@1.0.6", "", { "dependencies": { "once": "^1.3.0", "wrappy": "1" } }, ""],

    "inherits": ["inherits@2.0.4", "", {}, ""],

    "ini": ["ini@1.3.8", "", {}, ""],

    "is-alphabetical": ["is-alphabetical@2.0.1", "", {}, "sha512-FWyyY60MeTNyeSRpkM2Iry0G9hpr7/9kD40mD/cGQEuilcZYS4okz8SN2Q6rLCJ8gbCt6fN+rC+6tMGS99LaxQ=="],

    "is-alphanumerical": ["is-alphanumerical@2.0.1", "", { "dependencies": { "is-alphabetical": "^2.0.0", "is-decimal": "^2.0.0" } }, "sha512-hmbYhX/9MUMF5uh7tOXyK/n0ZvWpad5caBA17GsC6vyuCqaWliRG5K1qS9inmUhEMaOBIW7/whAnSwveW/LtZw=="],

    "is-arrayish": ["is-arrayish@0.3.2", "", {}, ""],

    "is-binary-path": ["is-binary-path@2.1.0", "", { "dependencies": { "binary-extensions": "^2.0.0" } }, ""],

    "is-decimal": ["is-decimal@2.0.1", "", {}, "sha512-AAB9hiomQs5DXWcRB1rqsxGUstbRroFOPPVAomNk/3XHR5JyEZChOyTWe2oayKnsSsr/kcGqF+z6yuH6HHpN0A=="],

    "is-extendable": ["is-extendable@0.1.1", "", {}, ""],

    "is-extglob": ["is-extglob@2.1.1", "", {}, ""],

    "is-glob": ["is-glob@4.0.3", "", { "dependencies": { "is-extglob": "^2.1.1" } }, ""],

    "is-json": ["is-json@2.0.1", "", {}, ""],

    "is-number": ["is-number@7.0.0", "", {}, ""],

    "is-potential-custom-element-name": ["is-potential-custom-element-name@1.0.1", "", {}, ""],

    "iso-639-1": ["iso-639-1@3.1.5", "", {}, "sha512-gXkz5+KN7HrG0Q5UGqSMO2qB9AsbEeyLP54kF1YrMsIxmu+g4BdB7rflReZTSTZGpfj8wywu6pfPBCylPIzGQA=="],

    "js-yaml": ["js-yaml@4.1.0", "", { "dependencies": { "argparse": "^2.0.1" }, "bin": "bin/js-yaml.js" }, ""],

    "jsdom": ["jsdom@25.0.1", "", { "dependencies": { "cssstyle": "^4.1.0", "data-urls": "^5.0.0", "decimal.js": "^10.4.3", "form-data": "^4.0.0", "html-encoding-sniffer": "^4.0.0", "http-proxy-agent": "^7.0.2", "https-proxy-agent": "^7.0.5", "is-potential-custom-element-name": "^1.0.1", "nwsapi": "^2.2.12", "parse5": "^7.1.2", "rrweb-cssom": "^0.7.1", "saxes": "^6.0.0", "symbol-tree": "^3.2.4", "tough-cookie": "^5.0.0", "w3c-xmlserializer": "^5.0.0", "webidl-conversions": "^7.0.0", "whatwg-encoding": "^3.1.1", "whatwg-mimetype": "^4.0.0", "whatwg-url": "^14.0.0", "ws": "^8.18.0", "xml-name-validator": "^5.0.0" }, "peerDependencies": { "canvas": "^2.11.2" }, "optionalPeers": ["canvas"] }, ""],

    "json-buffer": ["json-buffer@3.0.1", "", {}, ""],

    "junk": ["junk@3.1.0", "", {}, "sha512-pBxcB3LFc8QVgdggvZWyeys+hnrNWg4OcZIU/1X59k5jQdLBlCsYGRQaz234SqoRLTCgMH00fY0xRJH+F9METQ=="],

    "keyv": ["keyv@4.5.4", "", { "dependencies": { "json-buffer": "3.0.1" } }, ""],

    "kind-of": ["kind-of@6.0.3", "", {}, ""],

    "kleur": ["kleur@4.1.5", "", {}, ""],

    "linkify-it": ["linkify-it@5.0.0", "", { "dependencies": { "uc.micro": "^2.0.0" } }, "sha512-5aHCbzQRADcdP+ATqnDuhhJ/MRIqDkZX5pyjFHRRysS8vZ5AbqGEoFIb6pYHPZ+L/OC2Lc+xT8uHVVR5CAK/wQ=="],

    "liquidjs": ["liquidjs@10.25.2", "", { "dependencies": { "commander": "^10.0.0" }, "bin": { "liquidjs": "bin/liquid.js", "liquid": "bin/liquid.js" } }, "sha512-ZbgcjEjGNlAIjqhuMzymO3lCpHgmVMftKfrq4/YLLxmKaFFeQMXRGrJTqKX7OXX1hKVPUDpTIrvL7lxt3X/hmw=="],

    "list-to-array": ["list-to-array@1.1.0", "", {}, ""],

    "lru-cache": ["lru-cache@10.4.3", "", {}, ""],

    "luxon": ["luxon@3.6.1", "", {}, ""],

    "markdown-it": ["markdown-it@14.1.1", "", { "dependencies": { "argparse": "^2.0.1", "entities": "^4.4.0", "linkify-it": "^5.0.0", "mdurl": "^2.0.0", "punycode.js": "^2.3.1", "uc.micro": "^2.1.0" }, "bin": { "markdown-it": "bin/markdown-it.mjs" } }, "sha512-BuU2qnTti9YKgK5N+IeMubp14ZUKUUw7yeJbkjtosvHiP0AZ5c8IAgEMk79D0eC8F23r4Ac/q8cAIFdm2FtyoA=="],

    "markdown-it-anchor": ["markdown-it-anchor@8.6.7", "", { "peerDependencies": { "@types/markdown-it": "*", "markdown-it": "*" } }, ""],

    "markdown-it-attrs": ["markdown-it-attrs@4.3.1", "", { "peerDependencies": { "markdown-it": ">= 9.0.0" } }, ""],

    "math-intrinsics": ["math-intrinsics@1.1.0", "", {}, ""],

    "mdurl": ["mdurl@2.0.0", "", {}, "sha512-Lf+9+2r+Tdp5wXDXC4PcIBjTDtq4UKjCPMQhKIuzpJNW0b96kVqSwW0bT7FhRSfmAiFYgP+SCRvdrDozfh0U5w=="],

    "mime": ["mime@3.0.0", "", { "bin": "cli.js" }, ""],

    "mime-db": ["mime-db@1.52.0", "", {}, ""],

    "mime-types": ["mime-types@2.1.35", "", { "dependencies": { "mime-db": "1.52.0" } }, ""],

    "mimic-response": ["mimic-response@3.1.0", "", {}, ""],

    "minimatch": ["minimatch@3.1.5", "", { "dependencies": { "brace-expansion": "^1.1.7" } }, "sha512-VgjWUsnnT6n+NUk6eZq77zeFdpW2LWDzP6zFGrCbHXiYNul5Dzqk2HHQ5uFH2DNW5Xbp8+jVzaeNt94ssEEl4w=="],

    "minimist": ["minimist@1.2.8", "", {}, ""],

    "minipass": ["minipass@7.1.3", "", {}, "sha512-tEBHqDnIoM/1rXME1zgka9g6Q2lcoCkxHLuc7ODJ5BxbP5d4c2Z5cGgtXAku59200Cx7diuHTOYfSBD8n6mm8A=="],

    "mkdirp-classic": ["mkdirp-classic@0.5.3", "", {}, ""],

    "moo": ["moo@0.5.2", "", {}, ""],

    "morphdom": ["morphdom@2.7.5", "", {}, ""],

    "ms": ["ms@2.1.3", "", {}, ""],

    "napi-build-utils": ["napi-build-utils@2.0.0", "", {}, ""],

    "node-abi": ["node-abi@3.74.0", "", { "dependencies": { "semver": "^7.3.5" } }, ""],

    "node-addon-api": ["node-addon-api@6.1.0", "", {}, ""],

    "node-fetch": ["node-fetch@2.7.0", "", { "dependencies": { "whatwg-url": "^5.0.0" }, "peerDependencies": { "encoding": "^0.1.0" }, "optionalPeers": ["encoding"] }, ""],

    "node-retrieve-globals": ["node-retrieve-globals@6.0.1", "", { "dependencies": { "acorn": "^8.14.1", "acorn-walk": "^8.3.4", "esm-import-transformer": "^3.0.3" } }, "sha512-j0DeFuZ/Wg3VlklfbxUgZF/mdHMTEiEipBb3q0SpMMbHaV3AVfoUQF8UGxh1s/yjqO0TgRZd4Pi/x2yRqoQ4Eg=="],

    "normalize-path": ["normalize-path@3.0.0", "", {}, ""],

    "nunjucks": ["nunjucks@3.2.4", "", { "dependencies": { "a-sync-waterfall": "^1.0.0", "asap": "^2.0.3", "commander": "^5.1.0" }, "peerDependencies": { "chokidar": "^3.3.0" }, "bin": { "nunjucks-precompile": "bin/precompile" } }, ""],

    "nwsapi": ["nwsapi@2.2.20", "", {}, ""],

    "on-finished": ["on-finished@2.4.1", "", { "dependencies": { "ee-first": "1.1.1" } }, ""],

    "once": ["once@1.4.0", "", { "dependencies": { "wrappy": "1" } }, ""],

    "p-finally": ["p-finally@1.0.0", "", {}, ""],

    "p-queue": ["p-queue@6.6.2", "", { "dependencies": { "eventemitter3": "^4.0.4", "p-timeout": "^3.2.0" } }, ""],

    "p-timeout": ["p-timeout@3.2.0", "", { "dependencies": { "p-finally": "^1.0.0" } }, ""],

    "parse-srcset": ["parse-srcset@1.0.2", "", {}, ""],

    "parse5": ["parse5@7.3.0", "", { "dependencies": { "entities": "^6.0.0" } }, ""],

    "parseurl": ["parseurl@1.3.3", "", {}, ""],

    "path-is-absolute": ["path-is-absolute@1.0.1", "", {}, ""],

    "picomatch": ["picomatch@4.0.4", "", {}, "sha512-QP88BAKvMam/3NxH6vj2o21R6MjxZUAd6nlwAS/pnGvN9IVLocLHxGYIzFhg6fUQ+5th6P4dv4eW9jX3DSIj7A=="],

    "please-upgrade-node": ["please-upgrade-node@3.2.0", "", { "dependencies": { "semver-compare": "^1.0.0" } }, ""],

    "posthtml": ["posthtml@0.16.7", "", { "dependencies": { "posthtml-parser": "^0.11.0", "posthtml-render": "^3.0.0" } }, "sha512-7Hc+IvlQ7hlaIfQFZnxlRl0jnpWq2qwibORBhQYIb0QbNtuicc5ZxvKkVT71HJ4Py1wSZ/3VR1r8LfkCtoCzhw=="],

    "posthtml-match-helper": ["posthtml-match-helper@2.0.3", "", { "peerDependencies": { "posthtml": "^0.16.6" } }, "sha512-p9oJgTdMF2dyd7WE54QI1LvpBIkNkbSiiECKezNnDVYhGhD1AaOnAkw0Uh0y5TW+OHO8iBdSqnd8Wkpb6iUqmw=="],

    "posthtml-parser": ["posthtml-parser@0.11.0", "", { "dependencies": { "htmlparser2": "^7.1.1" } }, ""],

    "posthtml-render": ["posthtml-render@3.0.0", "", { "dependencies": { "is-json": "^2.0.1" } }, ""],

    "posthtml-urls": ["posthtml-urls@1.0.0", "", { "dependencies": { "http-equiv-refresh": "^1.0.0", "list-to-array": "^1.1.0", "parse-srcset": "^1.0.2", "promise-each": "^2.2.0" } }, ""],

    "prebuild-install": ["prebuild-install@7.1.3", "", { "dependencies": { "detect-libc": "^2.0.0", "expand-template": "^2.0.3", "github-from-package": "0.0.0", "minimist": "^1.2.3", "mkdirp-classic": "^0.5.3", "napi-build-utils": "^2.0.0", "node-abi": "^3.3.0", "pump": "^3.0.0", "rc": "^1.2.7", "simple-get": "^4.0.0", "tar-fs": "^2.0.0", "tunnel-agent": "^0.6.0" }, "bin": "bin.js" }, ""],

    "prismjs": ["prismjs@1.30.0", "", {}, ""],

    "promise-each": ["promise-each@2.2.0", "", { "dependencies": { "any-promise": "^0.1.0" } }, ""],

    "prr": ["prr@1.0.1", "", {}, ""],

    "pump": ["pump@3.0.2", "", { "dependencies": { "end-of-stream": "^1.1.0", "once": "^1.3.1" } }, ""],

    "punycode": ["punycode@2.3.1", "", {}, ""],

    "punycode.js": ["punycode.js@2.3.1", "", {}, "sha512-uxFIHU0YlHYhDQtV4R9J6a52SLx28BCjT+4ieh7IGbgwVJWO+km431c4yRlREUAsAmt/uMjQUyQHNEPf0M39CA=="],

    "queue": ["queue@6.0.2", "", { "dependencies": { "inherits": "~2.0.3" } }, ""],

    "range-parser": ["range-parser@1.2.1", "", {}, "sha512-Hrgsx+orqoygnmhFbKaHE6c296J+HTAQXoxEF6gNupROmmGJRoyzfG3ccAveqCBrwr/2yxQ5BVd/GTl5agOwSg=="],

    "rc": ["rc@1.2.8", "", { "dependencies": { "deep-extend": "^0.6.0", "ini": "~1.3.0", "minimist": "^1.2.0", "strip-json-comments": "~2.0.1" }, "bin": "cli.js" }, ""],

    "readable-stream": ["readable-stream@3.6.2", "", { "dependencies": { "inherits": "^2.0.3", "string_decoder": "^1.1.1", "util-deprecate": "^1.0.1" } }, ""],

    "readdirp": ["readdirp@3.6.0", "", { "dependencies": { "picomatch": "^2.2.1" } }, ""],

    "rimraf": ["rimraf@3.0.2", "", { "dependencies": { "glob": "^7.1.3" }, "bin": "bin.js" }, ""],

    "rrweb-cssom": ["rrweb-cssom@0.7.1", "", {}, ""],

    "safe-buffer": ["safe-buffer@5.2.1", "", {}, ""],

    "safer-buffer": ["safer-buffer@2.1.2", "", {}, ""],

    "saxes": ["saxes@6.0.0", "", { "dependencies": { "xmlchars": "^2.2.0" } }, ""],

    "section-matter": ["section-matter@1.0.0", "", { "dependencies": { "extend-shallow": "^2.0.1", "kind-of": "^6.0.0" } }, ""],

    "semver": ["semver@7.7.4", "", { "bin": { "semver": "bin/semver.js" } }, "sha512-vFKC2IEtQnVhpT78h1Yp8wzwrf8CM+MzKMHGJZfBtzhZNycRFnXsHk6E5TxIkkMsgNS7mdX3AGB7x2QM2di4lA=="],

    "semver-compare": ["semver-compare@1.0.0", "", {}, ""],

    "send": ["send@1.2.1", "", { "dependencies": { "debug": "^4.4.3", "encodeurl": "^2.0.0", "escape-html": "^1.0.3", "etag": "^1.8.1", "fresh": "^2.0.0", "http-errors": "^2.0.1", "mime-types": "^3.0.2", "ms": "^2.1.3", "on-finished": "^2.4.1", "range-parser": "^1.2.1", "statuses": "^2.0.2" } }, "sha512-1gnZf7DFcoIcajTjTwjwuDjzuz4PPcY2StKPlsGAQ1+YH20IRVrBaXSWmdjowTJ6u8Rc01PoYOGHXfP1mYcZNQ=="],

    "setprototypeof": ["setprototypeof@1.2.0", "", {}, "sha512-E5LDX7Wrp85Kil5bhZv46j8jOeboKq5JMmYM3gVGdGH8xFpPWXUMsNrlODCrkoxMEeNi/XZIwuRvY4XNwYMJpw=="],

    "sharp": ["sharp@0.32.6", "", { "dependencies": { "color": "^4.2.3", "detect-libc": "^2.0.2", "node-addon-api": "^6.1.0", "prebuild-install": "^7.1.1", "semver": "^7.5.4", "simple-get": "^4.0.1", "tar-fs": "^3.0.4", "tunnel-agent": "^0.6.0" } }, ""],

    "simple-concat": ["simple-concat@1.0.1", "", {}, ""],

    "simple-get": ["simple-get@4.0.1", "", { "dependencies": { "decompress-response": "^6.0.0", "once": "^1.3.1", "simple-concat": "^1.0.0" } }, ""],

    "simple-swizzle": ["simple-swizzle@0.2.2", "", { "dependencies": { "is-arrayish": "^0.3.1" } }, ""],

    "slash": ["slash@3.0.0", "", {}, "sha512-g9Q1haeby36OSStwb4ntCGGGaKsaVSjQ68fBxoQcutl5fS1vuY18H3wSt3jFyFtrkx+Kz0V1G85A4MyAdDMi2Q=="],

    "slugify": ["slugify@1.6.9", "", {}, "sha512-vZ7rfeehZui7wQs438JXBckYLkIIdfHOXsaVEUMyS5fHo1483l1bMdo0EDSWYclY0yZKFOipDy4KHuKs6ssvdg=="],

    "sprintf-js": ["sprintf-js@1.0.3", "", {}, ""],

    "ssri": ["ssri@11.0.0", "", { "dependencies": { "minipass": "^7.0.3" } }, "sha512-aZpUoMN/Jj2MqA4vMCeiKGnc/8SuSyHbGSBdgFbZxP8OJGF/lFkIuElzPxsN0q8TQQ+prw3P4EDfB3TBHHgfXw=="],

    "statuses": ["statuses@2.0.1", "", {}, ""],

    "streamx": ["streamx@2.22.0", "", { "dependencies": { "fast-fifo": "^1.3.2", "text-decoder": "^1.1.0" }, "optionalDependencies": { "bare-events": "^2.2.0" } }, ""],

    "string_decoder": ["string_decoder@1.3.0", "", { "dependencies": { "safe-buffer": "~5.2.0" } }, ""],

    "strip-bom-string": ["strip-bom-string@1.0.0", "", {}, ""],

    "strip-json-comments": ["strip-json-comments@2.0.1", "", {}, ""],

    "symbol-tree": ["symbol-tree@3.2.4", "", {}, ""],

    "tar-fs": ["tar-fs@3.0.9", "", { "dependencies": { "pump": "^3.0.0", "tar-stream": "^3.1.5" }, "optionalDependencies": { "bare-fs": "^4.0.1", "bare-path": "^3.0.0" } }, "sha512-XF4w9Xp+ZQgifKakjZYmFdkLoSWd34VGKcsTCwlNWM7QG3ZbaxnTsaBwnjFZqHRf/rROxaR8rXnbtwdvaDI+lA=="],

    "tar-stream": ["tar-stream@3.1.7", "", { "dependencies": { "b4a": "^1.6.4", "fast-fifo": "^1.2.0", "streamx": "^2.15.0" } }, ""],

    "text-decoder": ["text-decoder@1.2.3", "", { "dependencies": { "b4a": "^1.6.4" } }, ""],

    "tinyglobby": ["tinyglobby@0.2.15", "", { "dependencies": { "fdir": "^6.5.0", "picomatch": "^4.0.3" } }, "sha512-j2Zq4NyQYG5XMST4cbs02Ak8iJUdxRM0XI5QyxXuZOzKOINmWurp3smXu3y5wDcJrptwpSjgXHzIQxR0omXljQ=="],

    "tldts": ["tldts@6.1.86", "", { "dependencies": { "tldts-core": "^6.1.86" }, "bin": "bin/cli.js" }, ""],

    "tldts-core": ["tldts-core@6.1.86", "", {}, ""],

    "to-regex-range": ["to-regex-range@5.0.1", "", { "dependencies": { "is-number": "^7.0.0" } }, ""],

    "toidentifier": ["toidentifier@1.0.1", "", {}, "sha512-o5sSPKEkg/DIQNmH43V0/uerLrpzVedkUh8tGNvaeXpfpuwjKenlSox/2O/BTlZUtEe+JG7s5YhEz608PlAHRA=="],

    "tough-cookie": ["tough-cookie@5.1.2", "", { "dependencies": { "tldts": "^6.1.32" } }, ""],

    "tr46": ["tr46@5.1.1", "", { "dependencies": { "punycode": "^2.3.1" } }, ""],

    "tunnel-agent": ["tunnel-agent@0.6.0", "", { "dependencies": { "safe-buffer": "^5.0.1" } }, ""],

    "uc.micro": ["uc.micro@2.1.0", "", {}, "sha512-ARDJmphmdvUk6Glw7y9DQ2bFkKBHwQHLi2lsaH6PPmz/Ka9sFOBsBluozhDltWmnv9u/cF6Rt87znRTPV+yp/A=="],

    "unpipe": ["unpipe@1.0.0", "", {}, ""],

    "urlpattern-polyfill": ["urlpattern-polyfill@10.1.0", "", {}, "sha512-IGjKp/o0NL3Bso1PymYURCJxMPNAf/ILOpendP9f5B6e1rTJgdgiOvgfoT8VxCAdY+Wisb9uhGaJJf3yZ2V9nw=="],

    "util-deprecate": ["util-deprecate@1.0.2", "", {}, ""],

    "w3c-xmlserializer": ["w3c-xmlserializer@5.0.0", "", { "dependencies": { "xml-name-validator": "^5.0.0" } }, ""],

    "webidl-conversions": ["webidl-conversions@7.0.0", "", {}, ""],

    "whatwg-encoding": ["whatwg-encoding@3.1.1", "", { "dependencies": { "iconv-lite": "0.6.3" } }, ""],

    "whatwg-mimetype": ["whatwg-mimetype@4.0.0", "", {}, ""],

    "whatwg-url": ["whatwg-url@14.2.0", "", { "dependencies": { "tr46": "^5.1.0", "webidl-conversions": "^7.0.0" } }, ""],

    "wrappy": ["wrappy@1.0.2", "", {}, ""],

    "ws": ["ws@8.18.1", "", { "peerDependencies": { "bufferutil": "^4.0.1", "utf-8-validate": ">=5.0.2" }, "optionalPeers": ["bufferutil", "utf-8-validate"] }, ""],

    "xml-name-validator": ["xml-name-validator@5.0.0", "", {}, ""],

    "xmlchars": ["xmlchars@2.2.0", "", {}, ""],

    "@11ty/eleventy/@11ty/eleventy-plugin-bundle": ["@11ty/eleventy-plugin-bundle@3.0.7", "", { "dependencies": { "@11ty/eleventy-utils": "^2.0.2", "debug": "^4.4.0", "posthtml-match-helper": "^2.0.3" } }, "sha512-QK1tRFBhQdZASnYU8GMzpTdsMMFLVAkuU0gVVILqNyp09xJJZb81kAS3AFrNrwBCsgLxTdWHJ8N64+OTTsoKkA=="],

    "@11ty/eleventy/js-yaml": ["js-yaml@4.1.1", "", { "dependencies": { "argparse": "^2.0.1" }, "bin": { "js-yaml": "bin/js-yaml.js" } }, "sha512-qQKT4zQxXl8lLwBtHMWwaTcGfFOZviOJet3Oy/xmGk2gZH677CJM9EvtfdSkgWcATZhj/55JZ0rmy3myCT5lsA=="],

    "@11ty/eleventy/luxon": ["luxon@3.7.2", "", {}, "sha512-vtEhXh/gNjI9Yg1u4jX/0YVPMvxzHuGgCm6tC5kZyb08yjGWGnqAjGJvcXbqQR2P3MyMEFnRbpcdFS6PBcLqew=="],

    "@11ty/eleventy-fetch/debug": ["debug@4.4.0", "", { "dependencies": { "ms": "^2.1.3" } }, ""],

    "@11ty/eleventy-img/debug": ["debug@4.4.0", "", { "dependencies": { "ms": "^2.1.3" } }, ""],

    "@11ty/eleventy-img/entities": ["entities@4.5.0", "", {}, ""],

    "@11ty/eleventy-navigation/dependency-graph": ["dependency-graph@0.11.0", "", {}, ""],

    "@11ty/eleventy-plugin-bundle/debug": ["debug@4.4.0", "", { "dependencies": { "ms": "^2.1.3" } }, ""],

    "@11ty/eleventy-plugin-rss/debug": ["debug@4.4.0", "", { "dependencies": { "ms": "^2.1.3" } }, ""],

    "@11ty/eleventy-plugin-rss/posthtml": ["posthtml@0.16.6", "", { "dependencies": { "posthtml-parser": "^0.11.0", "posthtml-render": "^3.0.0" } }, ""],

    "anymatch/picomatch": ["picomatch@2.3.1", "", {}, ""],

    "cssstyle/rrweb-cssom": ["rrweb-cssom@0.8.0", "", {}, ""],

    "dom-serializer/entities": ["entities@2.2.0", "", {}, ""],

    "finalhandler/debug": ["debug@2.6.9", "", { "dependencies": { "ms": "2.0.0" } }, ""],

    "glob/minimatch": ["minimatch@3.1.2", "", { "dependencies": { "brace-expansion": "^1.1.7" } }, ""],

    "gray-matter/js-yaml": ["js-yaml@3.14.1", "", { "dependencies": { "argparse": "^1.0.7", "esprima": "^4.0.0" }, "bin": "bin/js-yaml.js" }, ""],

    "htmlparser2/entities": ["entities@3.0.1", "", {}, ""],

    "http-errors/statuses": ["statuses@2.0.2", "", {}, "sha512-DvEy55V3DB7uknRo+4iOGT5fP1slR8wQohVdknigZPMpMstaKJQWhwiYBACJE3Ul2pTnATihhBYnRhZQHGBiRw=="],

    "http-proxy-agent/debug": ["debug@4.4.0", "", { "dependencies": { "ms": "^2.1.3" } }, ""],

    "https-proxy-agent/debug": ["debug@4.4.0", "", { "dependencies": { "ms": "^2.1.3" } }, ""],

    "markdown-it/entities": ["entities@4.5.0", "", {}, ""],

    "node-abi/semver": ["semver@7.7.1", "", { "bin": "bin/semver.js" }, ""],

    "node-fetch/whatwg-url": ["whatwg-url@5.0.0", "", { "dependencies": { "tr46": "~0.0.3", "webidl-conversions": "^3.0.0" } }, ""],

    "nunjucks/commander": ["commander@5.1.0", "", {}, ""],

    "parse5/entities": ["entities@6.0.0", "", {}, ""],

    "posthtml-urls/http-equiv-refresh": ["http-equiv-refresh@1.0.0", "", {}, ""],

    "prebuild-install/tar-fs": ["tar-fs@2.1.3", "", { "dependencies": { "chownr": "^1.1.1", "mkdirp-classic": "^0.5.2", "pump": "^3.0.0", "tar-stream": "^2.1.4" } }, "sha512-090nwYJDmlhwFwEW3QQl+vaNnxsO2yVsd45eTKRBzSzu+hlb1w2K9inVq5b0ngXuLVqQ4ApvsUHHnu/zQNkWAg=="],

    "readdirp/picomatch": ["picomatch@2.3.1", "", {}, ""],

    "send/mime-types": ["mime-types@3.0.2", "", { "dependencies": { "mime-db": "^1.54.0" } }, "sha512-Lbgzdk0h4juoQ9fCKXW4by0UJqj+nOOrI9MJ1sSj4nI8aI2eo1qmvQEie4VD1glsS250n15LsWsYtCugiStS5A=="],

    "send/statuses": ["statuses@2.0.2", "", {}, "sha512-DvEy55V3DB7uknRo+4iOGT5fP1slR8wQohVdknigZPMpMstaKJQWhwiYBACJE3Ul2pTnATihhBYnRhZQHGBiRw=="],

    "sharp/semver": ["semver@7.7.1", "", { "bin": "bin/semver.js" }, ""],

    "finalhandler/debug/ms": ["ms@2.0.0", "", {}, ""],

    "gray-matter/js-yaml/argparse": ["argparse@1.0.10", "", { "dependencies": { "sprintf-js": "~1.0.2" } }, ""],

    "node-fetch/whatwg-url/tr46": ["tr46@0.0.3", "", {}, ""],

    "node-fetch/whatwg-url/webidl-conversions": ["webidl-conversions@3.0.1", "", {}, ""],

    "prebuild-install/tar-fs/tar-stream": ["tar-stream@2.2.0", "", { "dependencies": { "bl": "^4.0.3", "end-of-stream": "^1.4.1", "fs-constants": "^1.0.0", "inherits": "^2.0.3", "readable-stream": "^3.1.1" } }, ""],

    "send/mime-types/mime-db": ["mime-db@1.54.0", "", {}, "sha512-aU5EJuIN2WDemCcAp2vFBfp/m4EAhWJnUNSSw0ixs7/kXbd6Pg64EmwJkNdFhB8aWt1sH2CTXrLxo/iAGV3oPQ=="],
  }
}
